<?xml version="1.0" encoding="utf-8"?>
<Project ToolsVersion="4.0" xmlns="http://schemas.microsoft.com/developer/msbuild/2003">
  <ItemGroup>
    <Filter Include="Source Files">
      <UniqueIdentifier>{0e21fc91-ed63-4cd3-a29b-c27f6e688941}</UniqueIdentifier>
      <Extensions>cpp;c;cxx;rc;def;r;odl;idl;hpj;bat</Extensions>
    </Filter>
    <Filter Include="Header Files">
      <UniqueIdentifier>{cb272aaf-8a03-469b-b08a-9d7e3e810a72}</UniqueIdentifier>
      <Extensions>h;hpp;hxx;hm;inl</Extensions>
    </Filter>
    <Filter Include="Resource Files">
      <UniqueIdentifier>{d50904b5-6e2a-4074-be43-23d7304bdd4f}</UniqueIdentifier>
      <Extensions>ico;cur;bmp;dlg;rc2;rct;bin;rgs;gif;jpg;jpeg;jpe</Extensions>
    </Filter>
  </ItemGroup>
  <ItemGroup>
    <ClCompile Include="Global.cpp">
      <Filter>Source Files</Filter>
    </ClCompile>
    <ClCompile Include="MainFrm.cpp">
      <Filter>Source Files</Filter>
    </ClCompile>
    <ClCompile Include="PagePropertyDlg.cpp">
      <Filter>Source Files</Filter>
    </ClCompile>
    <ClCompile Include="Painter.cpp">
      <Filter>Source Files</Filter>
    </ClCompile>
    <ClCompile Include="PainterDoc.cpp">
      <Filter>Source Files</Filter>
    </ClCompile>
    <ClCompile Include="PainterView.cpp">
      <Filter>Source Files</Filter>
    </ClCompile>
    <ClCompile Include="SAVEBMP.CPP">
      <Filter>Source Files</Filter>
    </ClCompile>
    <ClCompile Include="Shapes.cpp">
      <Filter>Source Files</Filter>
    </ClCompile>
    <ClCompile Include="StdAfx.cpp">
      <Filter>Source Files</Filter>
    </ClCompile>
  </ItemGroup>
  <ItemGroup>
    <ResourceCompile Include="Painter.rc">
      <Filter>Source Files</Filter>
    </ResourceCompile>
  </ItemGroup>
  <ItemGroup>
    <ClInclude Include="Global.h">
      <Filter>Header Files</Filter>
    </ClInclude>
    <ClInclude Include="MainFrm.h">
      <Filter>Header Files</Filter>
    </ClInclude>
    <ClInclude Include="PagePropertyDlg.h">
      <Filter>Header Files</Filter>
    </ClInclude>
    <ClInclude Include="Painter.h">
      <Filter>Header Files</Filter>
    </ClInclude>
    <ClInclude Include="PainterDoc.h">
      <Filter>Header Files</Filter>
    </ClInclude>
    <ClInclude Include="PainterView.h">
      <Filter>Header Files</Filter>
    </ClInclude>
    <ClInclude Include="Resource.h">
      <Filter>Header Files</Filter>
    </ClInclude>
    <ClInclude Include="SAVEBMP.H">
      <Filter>Header Files</Filter>
    </ClInclude>
    <ClInclude Include="Shapes.h">
      <Filter>Header Files</Filter>
    </ClInclude>
    <ClInclude Include="StdAfx.h">
      <Filter>Header Files</Filter>
    </ClInclude>
  </ItemGroup>
  <ItemGroup>
    <Image Include="res\bitmap1.bmp">
      <Filter>Resource Files</Filter>
    </Image>
    <Image Include="res\idr_main.ico">
      <Filter>Resource Files</Filter>
    </Image>
    <Image Include="res\Painter.ico">
      <Filter>Resource Files</Filter>
    </Image>
    <Image Include="res\painter1.ico">
      <Filter>Resource Files</Filter>
    </Image>
    <Image Include="res\PainterDoc.ico">
      <Filter>Resource Files</Filter>
    </Image>
    <Image Include="Patterns\Pattern0.bmp">
      <Filter>Resource Files</Filter>
    </Image>
    <Image Include="res\pattern0.bmp">
      <Filter>Resource Files</Filter>
    </Image>
    <Image Include="Patterns\Pattern1.bmp">
      <Filter>Resource Files</Filter>
    </Image>
    <Image Include="res\pattern1.bmp">
      <Filter>Resource Files</Filter>
    </Image>
    <Image Include="Patterns\Pattern2.bmp">
      <Filter>Resource Files</Filter>
    </Image>
    <Image Include="res\pattern2.bmp">
      <Filter>Resource Files</Filter>
    </Image>
    <Image Include="Patterns\Pattern3.bmp">
      <Filter>Resource Files</Filter>
    </Image>
    <Image Include="res\pattern3.bmp">
      <Filter>Resource Files</Filter>
    </Image>
    <Image Include="Patterns\Pattern4.bmp">
      <Filter>Resource Files</Filter>
    </Image>
    <Image Include="res\pattern4.bmp">
      <Filter>Resource Files</Filter>
    </Image>
    <Image Include="Patterns\Pattern5.bmp">
      <Filter>Resource Files</Filter>
    </Image>
    <Image Include="res\pattern5.bmp">
      <Filter>Resource Files</Filter>
    </Image>
    <Image Include="Patterns\Pattern6.bmp">
      <Filter>Resource Files</Filter>
    </Image>
    <Image Include="res\pattern6.bmp">
      <Filter>Resource Files</Filter>
    </Image>
    <Image Include="Patterns\Pattern7.bmp">
      <Filter>Resource Files</Filter>
    </Image>
    <Image Include="res\pattern7.bmp">
      <Filter>Resource Files</Filter>
    </Image>
    <Image Include="res\pattern8.bmp">
      <Filter>Resource Files</Filter>
    </Image>
    <Image Include="res\Toolbar.bmp">
      <Filter>Resource Files</Filter>
    </Image>
    <Image Include="Airplane.bmp">
      <Filter>Resource Files</Filter>
    </Image>
    <Image Include="patterns\bitmap2.bmp">
      <Filter>Resource Files</Filter>
    </Image>
  </ItemGroup>
  <ItemGroup>
    <Text Include="ReadMe.txt" />
  </ItemGroup>
  <ItemGroup>
    <CustomBuild Include="res\circle.cur">
      <Filter>Resource Files</Filter>
    </CustomBuild>
    <CustomBuild Include="res\Painter.rc2">
      <Filter>Resource Files</Filter>
    </CustomBuild>
    <CustomBuild Include="res\polygon.cur">
      <Filter>Resource Files</Filter>
    </CustomBuild>
    <CustomBuild Include="res\square.cur">
      <Filter>Resource Files</Filter>
    </CustomBuild>
    <CustomBuild Include="res\surface.cur">
      <Filter>Resource Files</Filter>
    </CustomBuild>
  </ItemGroup>
  <ItemGroup>
    <None Include="res\cursor1.cur">
      <Filter>Resource Files</Filter>
    </None>
  </ItemGroup>
</Project>